
Microsoft Visual Studio Solution File, Format Version 12.00
# Visual Studio 15
VisualStudioVersion = 15.0.28307.539
MinimumVisualStudioVersion = 10.0.40219.1
Project("{535C04D7-A2A5-47C7-83E0-B340A995CD1F}") = "lambertth_AltINDX", "lambertth_AltINDX.cblproj", "{C24DD418-186F-449F-849E-FAA13A9ECF8D}"
EndProject
Global
	GlobalSection(SolutionConfigurationPlatforms) = preSolution
		Debug|Any CPU = Debug|Any CPU
		Release|Any CPU = Release|Any CPU
	EndGlobalSection
	GlobalSection(ProjectConfigurationPlatforms) = postSolution
		{C24DD418-186F-449F-849E-FAA13A9ECF8D}.Debug|Any CPU.ActiveCfg = Debug|Any CPU
		{C24DD418-186F-449F-849E-FAA13A9ECF8D}.Debug|Any CPU.Build.0 = Debug|Any CPU
		{C24DD418-186F-449F-849E-FAA13A9ECF8D}.Release|Any CPU.ActiveCfg = Release|Any CPU
		{C24DD418-186F-449F-849E-FAA13A9ECF8D}.Release|Any CPU.Build.0 = Release|Any CPU
	EndGlobalSection
	GlobalSection(SolutionProperties) = preSolution
		HideSolutionNode = FALSE
	EndGlobalSection
	GlobalSection(ExtensibilityGlobals) = postSolution
		SolutionGuid = {852D6893-051B-4FFF-8C6A-8341CA2D5FC5}
	EndGlobalSection
EndGlobal
