
Microsoft Visual Studio Solution File, Format Version 12.00
# Visual Studio 15
VisualStudioVersion = 15.0.27428.1
MinimumVisualStudioVersion = 10.0.40219.1
Project("{535C04D7-A2A5-47C7-83E0-B340A995CD1F}") = "CGLFileProcessing", "CGLFileProcessing.cblproj", "{FB16857C-0E35-4EDF-BF00-AF801F96BF5F}"
EndProject
Global
	GlobalSection(SolutionConfigurationPlatforms) = preSolution
		Debug|Any CPU = Debug|Any CPU
		Release|Any CPU = Release|Any CPU
	EndGlobalSection
	GlobalSection(ProjectConfigurationPlatforms) = postSolution
		{FB16857C-0E35-4EDF-BF00-AF801F96BF5F}.Debug|Any CPU.ActiveCfg = Debug|Any CPU
		{FB16857C-0E35-4EDF-BF00-AF801F96BF5F}.Debug|Any CPU.Build.0 = Debug|Any CPU
		{FB16857C-0E35-4EDF-BF00-AF801F96BF5F}.Release|Any CPU.ActiveCfg = Release|Any CPU
		{FB16857C-0E35-4EDF-BF00-AF801F96BF5F}.Release|Any CPU.Build.0 = Release|Any CPU
	EndGlobalSection
	GlobalSection(SolutionProperties) = preSolution
		HideSolutionNode = FALSE
	EndGlobalSection
	GlobalSection(ExtensibilityGlobals) = postSolution
		SolutionGuid = {B7A64469-B683-478E-88D4-99CF2ACDB680}
	EndGlobalSection
EndGlobal
