
Microsoft Visual Studio Solution File, Format Version 12.00
# Visual Studio 15
VisualStudioVersion = 15.0.27428.1
MinimumVisualStudioVersion = 10.0.40219.1
Project("{535C04D7-A2A5-47C7-83E0-B340A995CD1F}") = "lambertth_VSAM4", "lambertth_VSAM4.cblproj", "{C047D481-7E5E-45B8-A926-DE02DD2BC47F}"
EndProject
Global
	GlobalSection(SolutionConfigurationPlatforms) = preSolution
		Debug|Any CPU = Debug|Any CPU
		Release|Any CPU = Release|Any CPU
	EndGlobalSection
	GlobalSection(ProjectConfigurationPlatforms) = postSolution
		{C047D481-7E5E-45B8-A926-DE02DD2BC47F}.Debug|Any CPU.ActiveCfg = Debug|Any CPU
		{C047D481-7E5E-45B8-A926-DE02DD2BC47F}.Debug|Any CPU.Build.0 = Debug|Any CPU
		{C047D481-7E5E-45B8-A926-DE02DD2BC47F}.Release|Any CPU.ActiveCfg = Release|Any CPU
		{C047D481-7E5E-45B8-A926-DE02DD2BC47F}.Release|Any CPU.Build.0 = Release|Any CPU
	EndGlobalSection
	GlobalSection(SolutionProperties) = preSolution
		HideSolutionNode = FALSE
	EndGlobalSection
	GlobalSection(ExtensibilityGlobals) = postSolution
		SolutionGuid = {A604B37C-55E1-4468-BDC0-265B898D020D}
	EndGlobalSection
EndGlobal
